
Microsoft Visual Studio Solution File, Format Version 12.00
# Visual Studio 15
Project("{FAE04EC0-301F-11D3-BF4B-00C04F79EFBC}") = "Oculus.Platform", "Oculus.Platform.csproj", "{721F0253-1EC4-19F7-3971-23FF258C82DE}"
EndProject
Project("{FAE04EC0-301F-11D3-BF4B-00C04F79EFBC}") = "Assembly-CSharp", "Assembly-CSharp.csproj", "{F9BA6140-EF42-4D3D-9BDE-75FD9E04DDAE}"
EndProject
Project("{FAE04EC0-301F-11D3-BF4B-00C04F79EFBC}") = "Oculus.Interaction", "Oculus.Interaction.csproj", "{8894DF7E-452C-7195-08E8-FE8201B04AE3}"
EndProject
Project("{FAE04EC0-301F-11D3-BF4B-00C04F79EFBC}") = "Meta.WitAi", "Meta.WitAi.csproj", "{C982A00C-2D06-4C6E-4818-E9783D028BAC}"
EndProject
Project("{FAE04EC0-301F-11D3-BF4B-00C04F79EFBC}") = "Oculus.VR", "Oculus.VR.csproj", "{DD701FFF-84BD-CAA1-5D3D-9936E890E4CA}"
EndProject
Project("{FAE04EC0-301F-11D3-BF4B-00C04F79EFBC}") = "VoiceSDK.Dictation.Runtime", "VoiceSDK.Dictation.Runtime.csproj", "{D75EB251-8595-5454-A9F1-692720AA5B31}"
EndProject
Project("{FAE04EC0-301F-11D3-BF4B-00C04F79EFBC}") = "VoiceSDK.Runtime", "VoiceSDK.Runtime.csproj", "{DFC7D640-397A-2631-2A95-A50FF9900C76}"
EndProject
Project("{FAE04EC0-301F-11D3-BF4B-00C04F79EFBC}") = "Oculus.Interaction.OVR.Samples", "Oculus.Interaction.OVR.Samples.csproj", "{F7BEEC8B-0C40-C831-9E3D-0B5578344880}"
EndProject
Project("{FAE04EC0-301F-11D3-BF4B-00C04F79EFBC}") = "Meta.WitAi.TTS.Samples", "Meta.WitAi.TTS.Samples.csproj", "{A648D972-A4DC-5DBF-18D6-6DA79702CB24}"
EndProject
Project("{FAE04EC0-301F-11D3-BF4B-00C04F79EFBC}") = "Oculus.Voice.Demo", "Oculus.Voice.Demo.csproj", "{60D943A4-5CB9-DA44-975E-82F233AB4F86}"
EndProject
Project("{FAE04EC0-301F-11D3-BF4B-00C04F79EFBC}") = "Meta.WitAi.Lib", "Meta.WitAi.Lib.csproj", "{F41C09F4-7680-9D3A-B2D4-F03CEF646249}"
EndProject
Project("{FAE04EC0-301F-11D3-BF4B-00C04F79EFBC}") = "Oculus.Interaction.OVR", "Oculus.Interaction.OVR.csproj", "{B6AF382D-8BD1-9424-55D0-4F79F4C104BE}"
EndProject
Project("{FAE04EC0-301F-11D3-BF4B-00C04F79EFBC}") = "AssistantCoreSDKRuntime", "AssistantCoreSDKRuntime.csproj", "{1D4CB6D9-6E7B-6808-A180-7F26AA9D1D5A}"
EndProject
Project("{FAE04EC0-301F-11D3-BF4B-00C04F79EFBC}") = "Meta.WitAi.Conduit", "Meta.WitAi.Conduit.csproj", "{AEC11EF2-7538-5B8D-AE8B-E1AA981BE102}"
EndProject
Project("{FAE04EC0-301F-11D3-BF4B-00C04F79EFBC}") = "Oculus.AudioManager", "Oculus.AudioManager.csproj", "{1B4F29FF-0363-64D0-09CE-209F90EF6460}"
EndProject
Project("{FAE04EC0-301F-11D3-BF4B-00C04F79EFBC}") = "Oculus.LipSync", "Oculus.LipSync.csproj", "{92CFD0D2-4F9C-BCC5-8E9A-DA7CD902EED1}"
EndProject
Project("{FAE04EC0-301F-11D3-BF4B-00C04F79EFBC}") = "Oculus.Spatializer", "Oculus.Spatializer.csproj", "{CC548230-1079-4D1C-3422-BD3A95351BAB}"
EndProject
Project("{FAE04EC0-301F-11D3-BF4B-00C04F79EFBC}") = "Meta.VoiceSDK.Mic.Other", "Meta.VoiceSDK.Mic.Other.csproj", "{DAD342C6-A6A5-06DD-9382-ACB7ED204708}"
EndProject
Project("{FAE04EC0-301F-11D3-BF4B-00C04F79EFBC}") = "Meta.VoiceSDK.Mic.Common", "Meta.VoiceSDK.Mic.Common.csproj", "{79EE8488-52C6-8A89-C6E0-00F65B28C724}"
EndProject
Project("{FAE04EC0-301F-11D3-BF4B-00C04F79EFBC}") = "Facebook.Wit.Dictation", "Facebook.Wit.Dictation.csproj", "{9A8E2767-F9DE-EE57-EEF1-A086E18F7215}"
EndProject
Project("{FAE04EC0-301F-11D3-BF4B-00C04F79EFBC}") = "Meta.WitAi.TTS", "Meta.WitAi.TTS.csproj", "{FAE52AC6-4CEF-2D9F-5B47-1A928FDC73D8}"
EndProject
Project("{FAE04EC0-301F-11D3-BF4B-00C04F79EFBC}") = "Meta.WitAi.Editor", "Meta.WitAi.Editor.csproj", "{7BC60987-AE22-061D-6D94-483A924D0AF2}"
EndProject
Project("{FAE04EC0-301F-11D3-BF4B-00C04F79EFBC}") = "Meta.WitAI.Lib.Editor", "Meta.WitAI.Lib.Editor.csproj", "{1A8B9C0A-2802-D92B-860C-97314562F0FE}"
EndProject
Project("{FAE04EC0-301F-11D3-BF4B-00C04F79EFBC}") = "Oculus.VR.Editor", "Oculus.VR.Editor.csproj", "{B149C150-B1C8-0894-F229-896272862DE2}"
EndProject
Project("{FAE04EC0-301F-11D3-BF4B-00C04F79EFBC}") = "Meta.WitAi.Conduit.Editor", "Meta.WitAi.Conduit.Editor.csproj", "{5FD6BA51-E805-F367-5AE0-A2502BCD7D95}"
EndProject
Project("{FAE04EC0-301F-11D3-BF4B-00C04F79EFBC}") = "Oculus.Interaction.Editor", "Oculus.Interaction.Editor.csproj", "{15CC1C69-CA97-5BDF-00C9-87783BDCCCE2}"
EndProject
Project("{FAE04EC0-301F-11D3-BF4B-00C04F79EFBC}") = "Oculus.Interaction.OVR.Editor", "Oculus.Interaction.OVR.Editor.csproj", "{07127F80-A8A0-27DA-F104-89235E956323}"
EndProject
Project("{FAE04EC0-301F-11D3-BF4B-00C04F79EFBC}") = "Assembly-CSharp-Editor", "Assembly-CSharp-Editor.csproj", "{E54FEB3D-6FCB-4CFA-1A47-CB10FF6950A9}"
EndProject
Project("{FAE04EC0-301F-11D3-BF4B-00C04F79EFBC}") = "Oculus.VR.Scripts.Editor", "Oculus.VR.Scripts.Editor.csproj", "{C937F782-3C0A-0AB5-9AFB-49AD3DC0459E}"
EndProject
Project("{FAE04EC0-301F-11D3-BF4B-00C04F79EFBC}") = "Oculus.Spatializer.Editor", "Oculus.Spatializer.Editor.csproj", "{4A81A0EE-E609-74A0-D20E-FB9704EAA6F9}"
EndProject
Project("{FAE04EC0-301F-11D3-BF4B-00C04F79EFBC}") = "Meta.WitAi.TTS.Editor", "Meta.WitAi.TTS.Editor.csproj", "{A8585EC5-86E7-8821-4907-9131619AC05A}"
EndProject
Project("{FAE04EC0-301F-11D3-BF4B-00C04F79EFBC}") = "VoiceSDK.Dictation.Editor", "VoiceSDK.Dictation.Editor.csproj", "{A1A482EE-5C19-E8D1-1743-EC66CC725EA1}"
EndProject
Project("{FAE04EC0-301F-11D3-BF4B-00C04F79EFBC}") = "Oculus.Platform.Editor", "Oculus.Platform.Editor.csproj", "{226CBCC5-BC1D-217C-EE3C-3DC48B330BA5}"
EndProject
Project("{FAE04EC0-301F-11D3-BF4B-00C04F79EFBC}") = "VoiceSDK.Editor", "VoiceSDK.Editor.csproj", "{F8B21D65-6F29-2D6D-0E63-18FC2ECF10CB}"
EndProject
Project("{FAE04EC0-301F-11D3-BF4B-00C04F79EFBC}") = "Oculus.AudioManager.Audio.Editor", "Oculus.AudioManager.Audio.Editor.csproj", "{5D53BBA6-AA90-511A-74B0-83CE8EBDED0F}"
EndProject
Project("{FAE04EC0-301F-11D3-BF4B-00C04F79EFBC}") = "Oculus.LipSync.Editor", "Oculus.LipSync.Editor.csproj", "{6B05A2F9-A926-CCED-31C8-404B479969B5}"
EndProject
Project("{FAE04EC0-301F-11D3-BF4B-00C04F79EFBC}") = "Oculus.AudioManager.Utils.Editor", "Oculus.AudioManager.Utils.Editor.csproj", "{43025AC0-2C0E-6B17-CA00-2E1022675E8D}"
EndProject
Project("{FAE04EC0-301F-11D3-BF4B-00C04F79EFBC}") = "Oculus.Interaction.Samples.Editor", "Oculus.Interaction.Samples.Editor.csproj", "{81850FE0-E29F-729D-B8F7-0263BBABE050}"
EndProject
Project("{FAE04EC0-301F-11D3-BF4B-00C04F79EFBC}") = "Facebook.Wit.Dictation.Editor", "Facebook.Wit.Dictation.Editor.csproj", "{02E405BC-59DF-7435-C4A8-7C969920159E}"
EndProject
Project("{FAE04EC0-301F-11D3-BF4B-00C04F79EFBC}") = "Oculus.Interaction.InterfaceSupport", "Oculus.Interaction.InterfaceSupport.csproj", "{99C8ADAF-79D8-480D-1971-DB212033BFD4}"
EndProject
Project("{FAE04EC0-301F-11D3-BF4B-00C04F79EFBC}") = "AssistantCoreSDKEditor", "AssistantCoreSDKEditor.csproj", "{25869B8A-9EFA-D129-77A1-28215DDBB84D}"
EndProject
Global
	GlobalSection(SolutionConfigurationPlatforms) = preSolution
		Debug|Any CPU = Debug|Any CPU
		Release|Any CPU = Release|Any CPU
	EndGlobalSection
	GlobalSection(ProjectConfigurationPlatforms) = postSolution
		{721F0253-1EC4-19F7-3971-23FF258C82DE}.Debug|Any CPU.ActiveCfg = Debug|Any CPU
		{721F0253-1EC4-19F7-3971-23FF258C82DE}.Debug|Any CPU.Build.0 = Debug|Any CPU
		{721F0253-1EC4-19F7-3971-23FF258C82DE}.Release|Any CPU.ActiveCfg = Release|Any CPU
		{721F0253-1EC4-19F7-3971-23FF258C82DE}.Release|Any CPU.Build.0 = Release|Any CPU
		{F9BA6140-EF42-4D3D-9BDE-75FD9E04DDAE}.Debug|Any CPU.ActiveCfg = Debug|Any CPU
		{F9BA6140-EF42-4D3D-9BDE-75FD9E04DDAE}.Debug|Any CPU.Build.0 = Debug|Any CPU
		{F9BA6140-EF42-4D3D-9BDE-75FD9E04DDAE}.Release|Any CPU.ActiveCfg = Release|Any CPU
		{F9BA6140-EF42-4D3D-9BDE-75FD9E04DDAE}.Release|Any CPU.Build.0 = Release|Any CPU
		{8894DF7E-452C-7195-08E8-FE8201B04AE3}.Debug|Any CPU.ActiveCfg = Debug|Any CPU
		{8894DF7E-452C-7195-08E8-FE8201B04AE3}.Debug|Any CPU.Build.0 = Debug|Any CPU
		{8894DF7E-452C-7195-08E8-FE8201B04AE3}.Release|Any CPU.ActiveCfg = Release|Any CPU
		{8894DF7E-452C-7195-08E8-FE8201B04AE3}.Release|Any CPU.Build.0 = Release|Any CPU
		{C982A00C-2D06-4C6E-4818-E9783D028BAC}.Debug|Any CPU.ActiveCfg = Debug|Any CPU
		{C982A00C-2D06-4C6E-4818-E9783D028BAC}.Debug|Any CPU.Build.0 = Debug|Any CPU
		{C982A00C-2D06-4C6E-4818-E9783D028BAC}.Release|Any CPU.ActiveCfg = Release|Any CPU
		{C982A00C-2D06-4C6E-4818-E9783D028BAC}.Release|Any CPU.Build.0 = Release|Any CPU
		{DD701FFF-84BD-CAA1-5D3D-9936E890E4CA}.Debug|Any CPU.ActiveCfg = Debug|Any CPU
		{DD701FFF-84BD-CAA1-5D3D-9936E890E4CA}.Debug|Any CPU.Build.0 = Debug|Any CPU
		{DD701FFF-84BD-CAA1-5D3D-9936E890E4CA}.Release|Any CPU.ActiveCfg = Release|Any CPU
		{DD701FFF-84BD-CAA1-5D3D-9936E890E4CA}.Release|Any CPU.Build.0 = Release|Any CPU
		{D75EB251-8595-5454-A9F1-692720AA5B31}.Debug|Any CPU.ActiveCfg = Debug|Any CPU
		{D75EB251-8595-5454-A9F1-692720AA5B31}.Debug|Any CPU.Build.0 = Debug|Any CPU
		{D75EB251-8595-5454-A9F1-692720AA5B31}.Release|Any CPU.ActiveCfg = Release|Any CPU
		{D75EB251-8595-5454-A9F1-692720AA5B31}.Release|Any CPU.Build.0 = Release|Any CPU
		{DFC7D640-397A-2631-2A95-A50FF9900C76}.Debug|Any CPU.ActiveCfg = Debug|Any CPU
		{DFC7D640-397A-2631-2A95-A50FF9900C76}.Debug|Any CPU.Build.0 = Debug|Any CPU
		{DFC7D640-397A-2631-2A95-A50FF9900C76}.Release|Any CPU.ActiveCfg = Release|Any CPU
		{DFC7D640-397A-2631-2A95-A50FF9900C76}.Release|Any CPU.Build.0 = Release|Any CPU
		{F7BEEC8B-0C40-C831-9E3D-0B5578344880}.Debug|Any CPU.ActiveCfg = Debug|Any CPU
		{F7BEEC8B-0C40-C831-9E3D-0B5578344880}.Debug|Any CPU.Build.0 = Debug|Any CPU
		{F7BEEC8B-0C40-C831-9E3D-0B5578344880}.Release|Any CPU.ActiveCfg = Release|Any CPU
		{F7BEEC8B-0C40-C831-9E3D-0B5578344880}.Release|Any CPU.Build.0 = Release|Any CPU
		{A648D972-A4DC-5DBF-18D6-6DA79702CB24}.Debug|Any CPU.ActiveCfg = Debug|Any CPU
		{A648D972-A4DC-5DBF-18D6-6DA79702CB24}.Debug|Any CPU.Build.0 = Debug|Any CPU
		{A648D972-A4DC-5DBF-18D6-6DA79702CB24}.Release|Any CPU.ActiveCfg = Release|Any CPU
		{A648D972-A4DC-5DBF-18D6-6DA79702CB24}.Release|Any CPU.Build.0 = Release|Any CPU
		{60D943A4-5CB9-DA44-975E-82F233AB4F86}.Debug|Any CPU.ActiveCfg = Debug|Any CPU
		{60D943A4-5CB9-DA44-975E-82F233AB4F86}.Debug|Any CPU.Build.0 = Debug|Any CPU
		{60D943A4-5CB9-DA44-975E-82F233AB4F86}.Release|Any CPU.ActiveCfg = Release|Any CPU
		{60D943A4-5CB9-DA44-975E-82F233AB4F86}.Release|Any CPU.Build.0 = Release|Any CPU
		{F41C09F4-7680-9D3A-B2D4-F03CEF646249}.Debug|Any CPU.ActiveCfg = Debug|Any CPU
		{F41C09F4-7680-9D3A-B2D4-F03CEF646249}.Debug|Any CPU.Build.0 = Debug|Any CPU
		{F41C09F4-7680-9D3A-B2D4-F03CEF646249}.Release|Any CPU.ActiveCfg = Release|Any CPU
		{F41C09F4-7680-9D3A-B2D4-F03CEF646249}.Release|Any CPU.Build.0 = Release|Any CPU
		{B6AF382D-8BD1-9424-55D0-4F79F4C104BE}.Debug|Any CPU.ActiveCfg = Debug|Any CPU
		{B6AF382D-8BD1-9424-55D0-4F79F4C104BE}.Debug|Any CPU.Build.0 = Debug|Any CPU
		{B6AF382D-8BD1-9424-55D0-4F79F4C104BE}.Release|Any CPU.ActiveCfg = Release|Any CPU
		{B6AF382D-8BD1-9424-55D0-4F79F4C104BE}.Release|Any CPU.Build.0 = Release|Any CPU
		{1D4CB6D9-6E7B-6808-A180-7F26AA9D1D5A}.Debug|Any CPU.ActiveCfg = Debug|Any CPU
		{1D4CB6D9-6E7B-6808-A180-7F26AA9D1D5A}.Debug|Any CPU.Build.0 = Debug|Any CPU
		{1D4CB6D9-6E7B-6808-A180-7F26AA9D1D5A}.Release|Any CPU.ActiveCfg = Release|Any CPU
		{1D4CB6D9-6E7B-6808-A180-7F26AA9D1D5A}.Release|Any CPU.Build.0 = Release|Any CPU
		{AEC11EF2-7538-5B8D-AE8B-E1AA981BE102}.Debug|Any CPU.ActiveCfg = Debug|Any CPU
		{AEC11EF2-7538-5B8D-AE8B-E1AA981BE102}.Debug|Any CPU.Build.0 = Debug|Any CPU
		{AEC11EF2-7538-5B8D-AE8B-E1AA981BE102}.Release|Any CPU.ActiveCfg = Release|Any CPU
		{AEC11EF2-7538-5B8D-AE8B-E1AA981BE102}.Release|Any CPU.Build.0 = Release|Any CPU
		{1B4F29FF-0363-64D0-09CE-209F90EF6460}.Debug|Any CPU.ActiveCfg = Debug|Any CPU
		{1B4F29FF-0363-64D0-09CE-209F90EF6460}.Debug|Any CPU.Build.0 = Debug|Any CPU
		{1B4F29FF-0363-64D0-09CE-209F90EF6460}.Release|Any CPU.ActiveCfg = Release|Any CPU
		{1B4F29FF-0363-64D0-09CE-209F90EF6460}.Release|Any CPU.Build.0 = Release|Any CPU
		{92CFD0D2-4F9C-BCC5-8E9A-DA7CD902EED1}.Debug|Any CPU.ActiveCfg = Debug|Any CPU
		{92CFD0D2-4F9C-BCC5-8E9A-DA7CD902EED1}.Debug|Any CPU.Build.0 = Debug|Any CPU
		{92CFD0D2-4F9C-BCC5-8E9A-DA7CD902EED1}.Release|Any CPU.ActiveCfg = Release|Any CPU
		{92CFD0D2-4F9C-BCC5-8E9A-DA7CD902EED1}.Release|Any CPU.Build.0 = Release|Any CPU
		{CC548230-1079-4D1C-3422-BD3A95351BAB}.Debug|Any CPU.ActiveCfg = Debug|Any CPU
		{CC548230-1079-4D1C-3422-BD3A95351BAB}.Debug|Any CPU.Build.0 = Debug|Any CPU
		{CC548230-1079-4D1C-3422-BD3A95351BAB}.Release|Any CPU.ActiveCfg = Release|Any CPU
		{CC548230-1079-4D1C-3422-BD3A95351BAB}.Release|Any CPU.Build.0 = Release|Any CPU
		{DAD342C6-A6A5-06DD-9382-ACB7ED204708}.Debug|Any CPU.ActiveCfg = Debug|Any CPU
		{DAD342C6-A6A5-06DD-9382-ACB7ED204708}.Debug|Any CPU.Build.0 = Debug|Any CPU
		{DAD342C6-A6A5-06DD-9382-ACB7ED204708}.Release|Any CPU.ActiveCfg = Release|Any CPU
		{DAD342C6-A6A5-06DD-9382-ACB7ED204708}.Release|Any CPU.Build.0 = Release|Any CPU
		{79EE8488-52C6-8A89-C6E0-00F65B28C724}.Debug|Any CPU.ActiveCfg = Debug|Any CPU
		{79EE8488-52C6-8A89-C6E0-00F65B28C724}.Debug|Any CPU.Build.0 = Debug|Any CPU
		{79EE8488-52C6-8A89-C6E0-00F65B28C724}.Release|Any CPU.ActiveCfg = Release|Any CPU
		{79EE8488-52C6-8A89-C6E0-00F65B28C724}.Release|Any CPU.Build.0 = Release|Any CPU
		{9A8E2767-F9DE-EE57-EEF1-A086E18F7215}.Debug|Any CPU.ActiveCfg = Debug|Any CPU
		{9A8E2767-F9DE-EE57-EEF1-A086E18F7215}.Debug|Any CPU.Build.0 = Debug|Any CPU
		{9A8E2767-F9DE-EE57-EEF1-A086E18F7215}.Release|Any CPU.ActiveCfg = Release|Any CPU
		{9A8E2767-F9DE-EE57-EEF1-A086E18F7215}.Release|Any CPU.Build.0 = Release|Any CPU
		{FAE52AC6-4CEF-2D9F-5B47-1A928FDC73D8}.Debug|Any CPU.ActiveCfg = Debug|Any CPU
		{FAE52AC6-4CEF-2D9F-5B47-1A928FDC73D8}.Debug|Any CPU.Build.0 = Debug|Any CPU
		{FAE52AC6-4CEF-2D9F-5B47-1A928FDC73D8}.Release|Any CPU.ActiveCfg = Release|Any CPU
		{FAE52AC6-4CEF-2D9F-5B47-1A928FDC73D8}.Release|Any CPU.Build.0 = Release|Any CPU
		{7BC60987-AE22-061D-6D94-483A924D0AF2}.Debug|Any CPU.ActiveCfg = Debug|Any CPU
		{7BC60987-AE22-061D-6D94-483A924D0AF2}.Debug|Any CPU.Build.0 = Debug|Any CPU
		{7BC60987-AE22-061D-6D94-483A924D0AF2}.Release|Any CPU.ActiveCfg = Release|Any CPU
		{7BC60987-AE22-061D-6D94-483A924D0AF2}.Release|Any CPU.Build.0 = Release|Any CPU
		{1A8B9C0A-2802-D92B-860C-97314562F0FE}.Debug|Any CPU.ActiveCfg = Debug|Any CPU
		{1A8B9C0A-2802-D92B-860C-97314562F0FE}.Debug|Any CPU.Build.0 = Debug|Any CPU
		{1A8B9C0A-2802-D92B-860C-97314562F0FE}.Release|Any CPU.ActiveCfg = Release|Any CPU
		{1A8B9C0A-2802-D92B-860C-97314562F0FE}.Release|Any CPU.Build.0 = Release|Any CPU
		{B149C150-B1C8-0894-F229-896272862DE2}.Debug|Any CPU.ActiveCfg = Debug|Any CPU
		{B149C150-B1C8-0894-F229-896272862DE2}.Debug|Any CPU.Build.0 = Debug|Any CPU
		{B149C150-B1C8-0894-F229-896272862DE2}.Release|Any CPU.ActiveCfg = Release|Any CPU
		{B149C150-B1C8-0894-F229-896272862DE2}.Release|Any CPU.Build.0 = Release|Any CPU
		{5FD6BA51-E805-F367-5AE0-A2502BCD7D95}.Debug|Any CPU.ActiveCfg = Debug|Any CPU
		{5FD6BA51-E805-F367-5AE0-A2502BCD7D95}.Debug|Any CPU.Build.0 = Debug|Any CPU
		{5FD6BA51-E805-F367-5AE0-A2502BCD7D95}.Release|Any CPU.ActiveCfg = Release|Any CPU
		{5FD6BA51-E805-F367-5AE0-A2502BCD7D95}.Release|Any CPU.Build.0 = Release|Any CPU
		{15CC1C69-CA97-5BDF-00C9-87783BDCCCE2}.Debug|Any CPU.ActiveCfg = Debug|Any CPU
		{15CC1C69-CA97-5BDF-00C9-87783BDCCCE2}.Debug|Any CPU.Build.0 = Debug|Any CPU
		{15CC1C69-CA97-5BDF-00C9-87783BDCCCE2}.Release|Any CPU.ActiveCfg = Release|Any CPU
		{15CC1C69-CA97-5BDF-00C9-87783BDCCCE2}.Release|Any CPU.Build.0 = Release|Any CPU
		{07127F80-A8A0-27DA-F104-89235E956323}.Debug|Any CPU.ActiveCfg = Debug|Any CPU
		{07127F80-A8A0-27DA-F104-89235E956323}.Debug|Any CPU.Build.0 = Debug|Any CPU
		{07127F80-A8A0-27DA-F104-89235E956323}.Release|Any CPU.ActiveCfg = Release|Any CPU
		{07127F80-A8A0-27DA-F104-89235E956323}.Release|Any CPU.Build.0 = Release|Any CPU
		{E54FEB3D-6FCB-4CFA-1A47-CB10FF6950A9}.Debug|Any CPU.ActiveCfg = Debug|Any CPU
		{E54FEB3D-6FCB-4CFA-1A47-CB10FF6950A9}.Debug|Any CPU.Build.0 = Debug|Any CPU
		{E54FEB3D-6FCB-4CFA-1A47-CB10FF6950A9}.Release|Any CPU.ActiveCfg = Release|Any CPU
		{E54FEB3D-6FCB-4CFA-1A47-CB10FF6950A9}.Release|Any CPU.Build.0 = Release|Any CPU
		{C937F782-3C0A-0AB5-9AFB-49AD3DC0459E}.Debug|Any CPU.ActiveCfg = Debug|Any CPU
		{C937F782-3C0A-0AB5-9AFB-49AD3DC0459E}.Debug|Any CPU.Build.0 = Debug|Any CPU
		{C937F782-3C0A-0AB5-9AFB-49AD3DC0459E}.Release|Any CPU.ActiveCfg = Release|Any CPU
		{C937F782-3C0A-0AB5-9AFB-49AD3DC0459E}.Release|Any CPU.Build.0 = Release|Any CPU
		{4A81A0EE-E609-74A0-D20E-FB9704EAA6F9}.Debug|Any CPU.ActiveCfg = Debug|Any CPU
		{4A81A0EE-E609-74A0-D20E-FB9704EAA6F9}.Debug|Any CPU.Build.0 = Debug|Any CPU
		{4A81A0EE-E609-74A0-D20E-FB9704EAA6F9}.Release|Any CPU.ActiveCfg = Release|Any CPU
		{4A81A0EE-E609-74A0-D20E-FB9704EAA6F9}.Release|Any CPU.Build.0 = Release|Any CPU
		{A8585EC5-86E7-8821-4907-9131619AC05A}.Debug|Any CPU.ActiveCfg = Debug|Any CPU
		{A8585EC5-86E7-8821-4907-9131619AC05A}.Debug|Any CPU.Build.0 = Debug|Any CPU
		{A8585EC5-86E7-8821-4907-9131619AC05A}.Release|Any CPU.ActiveCfg = Release|Any CPU
		{A8585EC5-86E7-8821-4907-9131619AC05A}.Release|Any CPU.Build.0 = Release|Any CPU
		{A1A482EE-5C19-E8D1-1743-EC66CC725EA1}.Debug|Any CPU.ActiveCfg = Debug|Any CPU
		{A1A482EE-5C19-E8D1-1743-EC66CC725EA1}.Debug|Any CPU.Build.0 = Debug|Any CPU
		{A1A482EE-5C19-E8D1-1743-EC66CC725EA1}.Release|Any CPU.ActiveCfg = Release|Any CPU
		{A1A482EE-5C19-E8D1-1743-EC66CC725EA1}.Release|Any CPU.Build.0 = Release|Any CPU
		{226CBCC5-BC1D-217C-EE3C-3DC48B330BA5}.Debug|Any CPU.ActiveCfg = Debug|Any CPU
		{226CBCC5-BC1D-217C-EE3C-3DC48B330BA5}.Debug|Any CPU.Build.0 = Debug|Any CPU
		{226CBCC5-BC1D-217C-EE3C-3DC48B330BA5}.Release|Any CPU.ActiveCfg = Release|Any CPU
		{226CBCC5-BC1D-217C-EE3C-3DC48B330BA5}.Release|Any CPU.Build.0 = Release|Any CPU
		{F8B21D65-6F29-2D6D-0E63-18FC2ECF10CB}.Debug|Any CPU.ActiveCfg = Debug|Any CPU
		{F8B21D65-6F29-2D6D-0E63-18FC2ECF10CB}.Debug|Any CPU.Build.0 = Debug|Any CPU
		{F8B21D65-6F29-2D6D-0E63-18FC2ECF10CB}.Release|Any CPU.ActiveCfg = Release|Any CPU
		{F8B21D65-6F29-2D6D-0E63-18FC2ECF10CB}.Release|Any CPU.Build.0 = Release|Any CPU
		{5D53BBA6-AA90-511A-74B0-83CE8EBDED0F}.Debug|Any CPU.ActiveCfg = Debug|Any CPU
		{5D53BBA6-AA90-511A-74B0-83CE8EBDED0F}.Debug|Any CPU.Build.0 = Debug|Any CPU
		{5D53BBA6-AA90-511A-74B0-83CE8EBDED0F}.Release|Any CPU.ActiveCfg = Release|Any CPU
		{5D53BBA6-AA90-511A-74B0-83CE8EBDED0F}.Release|Any CPU.Build.0 = Release|Any CPU
		{6B05A2F9-A926-CCED-31C8-404B479969B5}.Debug|Any CPU.ActiveCfg = Debug|Any CPU
		{6B05A2F9-A926-CCED-31C8-404B479969B5}.Debug|Any CPU.Build.0 = Debug|Any CPU
		{6B05A2F9-A926-CCED-31C8-404B479969B5}.Release|Any CPU.ActiveCfg = Release|Any CPU
		{6B05A2F9-A926-CCED-31C8-404B479969B5}.Release|Any CPU.Build.0 = Release|Any CPU
		{43025AC0-2C0E-6B17-CA00-2E1022675E8D}.Debug|Any CPU.ActiveCfg = Debug|Any CPU
		{43025AC0-2C0E-6B17-CA00-2E1022675E8D}.Debug|Any CPU.Build.0 = Debug|Any CPU
		{43025AC0-2C0E-6B17-CA00-2E1022675E8D}.Release|Any CPU.ActiveCfg = Release|Any CPU
		{43025AC0-2C0E-6B17-CA00-2E1022675E8D}.Release|Any CPU.Build.0 = Release|Any CPU
		{81850FE0-E29F-729D-B8F7-0263BBABE050}.Debug|Any CPU.ActiveCfg = Debug|Any CPU
		{81850FE0-E29F-729D-B8F7-0263BBABE050}.Debug|Any CPU.Build.0 = Debug|Any CPU
		{81850FE0-E29F-729D-B8F7-0263BBABE050}.Release|Any CPU.ActiveCfg = Release|Any CPU
		{81850FE0-E29F-729D-B8F7-0263BBABE050}.Release|Any CPU.Build.0 = Release|Any CPU
		{02E405BC-59DF-7435-C4A8-7C969920159E}.Debug|Any CPU.ActiveCfg = Debug|Any CPU
		{02E405BC-59DF-7435-C4A8-7C969920159E}.Debug|Any CPU.Build.0 = Debug|Any CPU
		{02E405BC-59DF-7435-C4A8-7C969920159E}.Release|Any CPU.ActiveCfg = Release|Any CPU
		{02E405BC-59DF-7435-C4A8-7C969920159E}.Release|Any CPU.Build.0 = Release|Any CPU
		{99C8ADAF-79D8-480D-1971-DB212033BFD4}.Debug|Any CPU.ActiveCfg = Debug|Any CPU
		{99C8ADAF-79D8-480D-1971-DB212033BFD4}.Debug|Any CPU.Build.0 = Debug|Any CPU
		{99C8ADAF-79D8-480D-1971-DB212033BFD4}.Release|Any CPU.ActiveCfg = Release|Any CPU
		{99C8ADAF-79D8-480D-1971-DB212033BFD4}.Release|Any CPU.Build.0 = Release|Any CPU
		{25869B8A-9EFA-D129-77A1-28215DDBB84D}.Debug|Any CPU.ActiveCfg = Debug|Any CPU
		{25869B8A-9EFA-D129-77A1-28215DDBB84D}.Debug|Any CPU.Build.0 = Debug|Any CPU
		{25869B8A-9EFA-D129-77A1-28215DDBB84D}.Release|Any CPU.ActiveCfg = Release|Any CPU
		{25869B8A-9EFA-D129-77A1-28215DDBB84D}.Release|Any CPU.Build.0 = Release|Any CPU
	EndGlobalSection
	GlobalSection(SolutionProperties) = preSolution
		HideSolutionNode = FALSE
	EndGlobalSection
EndGlobal
